
Microsoft Visual Studio Solution File, Format Version 12.00
# Visual Studio Version 16
VisualStudioVersion = 16.0.31205.134
MinimumVisualStudioVersion = 10.0.40219.1
Project("{FAE04EC0-301F-11D3-BF4B-00C04F79EFBC}") = "Sakura Miko ingurishu sound pack", "Sakura Miko ingurishu sound pack.csproj", "{AC1D7DED-F395-45A7-9EBC-EED0BC098414}"
EndProject
Global
	GlobalSection(SolutionConfigurationPlatforms) = preSolution
		Debug|Any CPU = Debug|Any CPU
		Release|Any CPU = Release|Any CPU
	EndGlobalSection
	GlobalSection(ProjectConfigurationPlatforms) = postSolution
		{AC1D7DED-F395-45A7-9EBC-EED0BC098414}.Debug|Any CPU.ActiveCfg = Debug|Any CPU
		{AC1D7DED-F395-45A7-9EBC-EED0BC098414}.Debug|Any CPU.Build.0 = Debug|Any CPU
		{AC1D7DED-F395-45A7-9EBC-EED0BC098414}.Release|Any CPU.ActiveCfg = Release|Any CPU
		{AC1D7DED-F395-45A7-9EBC-EED0BC098414}.Release|Any CPU.Build.0 = Release|Any CPU
	EndGlobalSection
	GlobalSection(SolutionProperties) = preSolution
		HideSolutionNode = FALSE
	EndGlobalSection
	GlobalSection(ExtensibilityGlobals) = postSolution
		SolutionGuid = {A3ACBC33-E8A2-404B-B6E7-90572016AB06}
	EndGlobalSection
EndGlobal
